// !$*UTF8*$!
{
	archiveVersion = 1;
	classes = {
	};
	objectVersion = 46;
	objects = {

/* Begin PBXBuildFile section */
		BC1C71B41B0652DE00F8B8AC /* main.m in Sources */ = {isa = PBXBuildFile; fileRef = BC1C71B31B0652DE00F8B8AC /* main.m */; };
		BC1C71B71B0652DE00F8B8AC /* AppDelegate.m in Sources */ = {isa = PBXBuildFile; fileRef = BC1C71B61B0652DE00F8B8AC /* AppDelegate.m */; };
		BC1C71BA1B0652DE00F8B8AC /* ViewController.m in Sources */ = {isa = PBXBuildFile; fileRef = BC1C71B91B0652DE00F8B8AC /* ViewController.m */; };
		BC1C71BD1B0652DE00F8B8AC /* Main.storyboard in Resources */ = {isa = PBXBuildFile; fileRef = BC1C71BB1B0652DE00F8B8AC /* Main.storyboard */; };
		BC1C71BF1B0652DE00F8B8AC /* Images.xcassets in Resources */ = {isa = PBXBuildFile; fileRef = BC1C71BE1B0652DE00F8B8AC /* Images.xcassets */; };
		BC1C71C21B0652DE00F8B8AC /* LaunchScreen.xib in Resources */ = {isa = PBXBuildFile; fileRef = BC1C71C01B0652DE00F8B8AC /* LaunchScreen.xib */; };
		BC1C71CE1B0652DE00F8B8AC /* MakersAssessmentOneTests.m in Sources */ = {isa = PBXBuildFile; fileRef = BC1C71CD1B0652DE00F8B8AC /* MakersAssessmentOneTests.m */; };
/* End PBXBuildFile section */

/* Begin PBXContainerItemProxy section */
		BC1C71C81B0652DE00F8B8AC /* PBXContainerItemProxy */ = {
			isa = PBXContainerItemProxy;
			containerPortal = BC1C71A61B0652DE00F8B8AC /* Project object */;
			proxyType = 1;
			remoteGlobalIDString = BC1C71AD1B0652DE00F8B8AC;
			remoteInfo = MakersAssessmentOne;
		};
/* End PBXContainerItemProxy section */

/* Begin PBXFileReference section */
		BC1C71AE1B0652DE00F8B8AC /* MakersAssessmentOne.app */ = {isa = PBXFileReference; explicitFileType = wrapper.application; includeInIndex = 0; path = MakersAssessmentOne.app; sourceTree = BUILT_PRODUCTS_DIR; };
		BC1C71B21B0652DE00F8B8AC /* Info.plist */ = {isa = PBXFileReference; lastKnownFileType = text.plist.xml; path = Info.plist; sourceTree = "<group>"; };
		BC1C71B31B0652DE00F8B8AC /* main.m */ = {isa = PBXFileReference; lastKnownFileType = sourcecode.c.objc; path = main.m; sourceTree = "<group>"; };
		BC1C71B51B0652DE00F8B8AC /* AppDelegate.h */ = {isa = PBXFileReference; lastKnownFileType = sourcecode.c.h; path = AppDelegate.h; sourceTree = "<group>"; };
		BC1C71B61B0652DE00F8B8AC /* AppDelegate.m */ = {isa = PBXFileReference; lastKnownFileType = sourcecode.c.objc; path = AppDelegate.m; sourceTree = "<group>"; };
		BC1C71B81B0652DE00F8B8AC /* ViewController.h */ = {isa = PBXFileReference; lastKnownFileType = sourcecode.c.h; path = ViewController.h; sourceTree = "<group>"; };
		BC1C71B91B0652DE00F8B8AC /* ViewController.m */ = {isa = PBXFileReference; lastKnownFileType = sourcecode.c.objc; path = ViewController.m; sourceTree = "<group>"; };
		BC1C71BC1B0652DE00F8B8AC /* Base */ = {isa = PBXFileReference; lastKnownFileType = file.storyboard; name = Base; path = Base.lproj/Main.storyboard; sourceTree = "<group>"; };
		BC1C71BE1B0652DE00F8B8AC /* Images.xcassets */ = {isa = PBXFileReference; lastKnownFileType = folder.assetcatalog; path = Images.xcassets; sourceTree = "<group>"; };
		BC1C71C11B0652DE00F8B8AC /* Base */ = {isa = PBXFileReference; lastKnownFileType = file.xib; name = Base; path = Base.lproj/LaunchScreen.xib; sourceTree = "<group>"; };
		BC1C71C71B0652DE00F8B8AC /* MakersAssessmentOneTests.xctest */ = {isa = PBXFileReference; explicitFileType = wrapper.cfbundle; includeInIndex = 0; path = MakersAssessmentOneTests.xctest; sourceTree = BUILT_PRODUCTS_DIR; };
		BC1C71CC1B0652DE00F8B8AC /* Info.plist */ = {isa = PBXFileReference; lastKnownFileType = text.plist.xml; path = Info.plist; sourceTree = "<group>"; };
		BC1C71CD1B0652DE00F8B8AC /* MakersAssessmentOneTests.m */ = {isa = PBXFileReference; lastKnownFileType = sourcecode.c.objc; path = MakersAssessmentOneTests.m; sourceTree = "<group>"; };
/* End PBXFileReference section */

/* Begin PBXFrameworksBuildPhase section */
		BC1C71AB1B0652DE00F8B8AC /* Frameworks */ = {
			isa = PBXFrameworksBuildPhase;
			buildActionMask = 2147483647;
			files = (
			);
			runOnlyForDeploymentPostprocessing = 0;
		};
		BC1C71C41B0652DE00F8B8AC /* Frameworks */ = {
			isa = PBXFrameworksBuildPhase;
			buildActionMask = 2147483647;
			files = (
			);
			runOnlyForDeploymentPostprocessing = 0;
		};
/* End PBXFrameworksBuildPhase section */

/* Begin PBXGroup section */
		BC1C71A51B0652DE00F8B8AC = {
			isa = PBXGroup;
			children = (
				BC1C71B01B0652DE00F8B8AC /* MakersAssessmentOne */,
				BC1C71CA1B0652DE00F8B8AC /* MakersAssessmentOneTests */,
				BC1C71AF1B0652DE00F8B8AC /* Products */,
			);
			sourceTree = "<group>";
		};
		BC1C71AF1B0652DE00F8B8AC /* Products */ = {
			isa = PBXGroup;
			children = (
				BC1C71AE1B0652DE00F8B8AC /* MakersAssessmentOne.app */,
				BC1C71C71B0652DE00F8B8AC /* MakersAssessmentOneTests.xctest */,
			);
			name = Products;
			sourceTree = "<group>";
		};
		BC1C71B01B0652DE00F8B8AC /* MakersAssessmentOne */ = {
			isa = PBXGroup;
			children = (
				BC1C71B51B0652DE00F8B8AC /* AppDelegate.h */,
				BC1C71B61B0652DE00F8B8AC /* AppDelegate.m */,
				BC1C71B81B0652DE00F8B8AC /* ViewController.h */,
				BC1C71B91B0652DE00F8B8AC /* ViewController.m */,
				BC1C71BB1B0652DE00F8B8AC /* Main.storyboard */,
				BC1C71BE1B0652DE00F8B8AC /* Images.xcassets */,
				BC1C71C01B0652DE00F8B8AC /* LaunchScreen.xib */,
				BC1C71B11B0652DE00F8B8AC /* Supporting Files */,
			);
			path = MakersAssessmentOne;
			sourceTree = "<group>";
		};
		BC1C71B11B0652DE00F8B8AC /* Supporting Files */ = {
			isa = PBXGroup;
			children = (
				BC1C71B21B0652DE00F8B8AC /* Info.plist */,
				BC1C71B31B0652DE00F8B8AC /* main.m */,
			);
			name = "Supporting Files";
			sourceTree = "<group>";
		};
		BC1C71CA1B0652DE00F8B8AC /* MakersAssessmentOneTests */ = {
			isa = PBXGroup;
			children = (
				BC1C71CD1B0652DE00F8B8AC /* MakersAssessmentOneTests.m */,
				BC1C71CB1B0652DE00F8B8AC /* Supporting Files */,
			);
			path = MakersAssessmentOneTests;
			sourceTree = "<group>";
		};
		BC1C71CB1B0652DE00F8B8AC /* Supporting Files */ = {
			isa = PBXGroup;
			children = (
				BC1C71CC1B0652DE00F8B8AC /* Info.plist */,
			);
			name = "Supporting Files";
			sourceTree = "<group>";
		};
/* End PBXGroup section */

/* Begin PBXNativeTarget section */
		BC1C71AD1B0652DE00F8B8AC /* MakersAssessmentOne */ = {
			isa = PBXNativeTarget;
			buildConfigurationList = BC1C71D11B0652DE00F8B8AC /* Build configuration list for PBXNativeTarget "MakersAssessmentOne" */;
			buildPhases = (
				BC1C71AA1B0652DE00F8B8AC /* Sources */,
				BC1C71AB1B0652DE00F8B8AC /* Frameworks */,
				BC1C71AC1B0652DE00F8B8AC /* Resources */,
			);
			buildRules = (
			);
			dependencies = (
			);
			name = MakersAssessmentOne;
			productName = MakersAssessmentOne;
			productReference = BC1C71AE1B0652DE00F8B8AC /* MakersAssessmentOne.app */;
			productType = "com.apple.product-type.application";
		};
		BC1C71C61B0652DE00F8B8AC /* MakersAssessmentOneTests */ = {
			isa = PBXNativeTarget;
			buildConfigurationList = BC1C71D41B0652DE00F8B8AC /* Build configuration list for PBXNativeTarget "MakersAssessmentOneTests" */;
			buildPhases = (
				BC1C71C31B0652DE00F8B8AC /* Sources */,
				BC1C71C41B0652DE00F8B8AC /* Frameworks */,
				BC1C71C51B0652DE00F8B8AC /* Resources */,
			);
			buildRules = (
			);
			dependencies = (
				BC1C71C91B0652DE00F8B8AC /* PBXTargetDependency */,
			);
			name = MakersAssessmentOneTests;
			productName = MakersAssessmentOneTests;
			productReference = BC1C71C71B0652DE00F8B8AC /* MakersAssessmentOneTests.xctest */;
			productType = "com.apple.product-type.bundle.unit-test";
		};
/* End PBXNativeTarget section */

/* Begin PBXProject section */
		BC1C71A61B0652DE00F8B8AC /* Project object */ = {
			isa = PBXProject;
			attributes = {
				LastUpgradeCheck = 0630;
				ORGANIZATIONNAME = "Mark Porcella";
				TargetAttributes = {
					BC1C71AD1B0652DE00F8B8AC = {
						CreatedOnToolsVersion = 6.3.1;
					};
					BC1C71C61B0652DE00F8B8AC = {
						CreatedOnToolsVersion = 6.3.1;
						TestTargetID = BC1C71AD1B0652DE00F8B8AC;
					};
				};
			};
			buildConfigurationList = BC1C71A91B0652DE00F8B8AC /* Build configuration list for PBXProject "MakersAssessmentOne" */;
			compatibilityVersion = "Xcode 3.2";
			developmentRegion = English;
			hasScannedForEncodings = 0;
			knownRegions = (
				en,
				Base,
			);
			mainGroup = BC1C71A51B0652DE00F8B8AC;
			productRefGroup = BC1C71AF1B0652DE00F8B8AC /* Products */;
			projectDirPath = "";
			projectRoot = "";
			targets = (
				BC1C71AD1B0652DE00F8B8AC /* MakersAssessmentOne */,
				BC1C71C61B0652DE00F8B8AC /* MakersAssessmentOneTests */,
			);
		};
/* End PBXProject section */

/* Begin PBXResourcesBuildPhase section */
		BC1C71AC1B0652DE00F8B8AC /* Resources */ = {
			isa = PBXResourcesBuildPhase;
			buildActionMask = 2147483647;
			files = (
				BC1C71BD1B0652DE00F8B8AC /* Main.storyboard in Resources */,
				BC1C71C21B0652DE00F8B8AC /* LaunchScreen.xib in Resources */,
				BC1C71BF1B0652DE00F8B8AC /* Images.xcassets in Resources */,
			);
			runOnlyForDeploymentPostprocessing = 0;
		};
		BC1C71C51B0652DE00F8B8AC /* Resources */ = {
			isa = PBXResourcesBuildPhase;
			buildActionMask = 2147483647;
			files = (
			);
			runOnlyForDeploymentPostprocessing = 0;
		};
/* End PBXResourcesBuildPhase section */

/* Begin PBXSourcesBuildPhase section */
		BC1C71AA1B0652DE00F8B8AC /* Sources */ = {
			isa = PBXSourcesBuildPhase;
			buildActionMask = 2147483647;
			files = (
				BC1C71BA1B0652DE00F8B8AC /* ViewController.m in Sources */,
				BC1C71B71B0652DE00F8B8AC /* AppDelegate.m in Sources */,
				BC1C71B41B0652DE00F8B8AC /* main.m in Sources */,
			);
			runOnlyForDeploymentPostprocessing = 0;
		};
		BC1C71C31B0652DE00F8B8AC /* Sources */ = {
			isa = PBXSourcesBuildPhase;
			buildActionMask = 2147483647;
			files = (
				BC1C71CE1B0652DE00F8B8AC /* MakersAssessmentOneTests.m in Sources */,
			);
			runOnlyForDeploymentPostprocessing = 0;
		};
/* End PBXSourcesBuildPhase section */

/* Begin PBXTargetDependency section */
		BC1C71C91B0652DE00F8B8AC /* PBXTargetDependency */ = {
			isa = PBXTargetDependency;
			target = BC1C71AD1B0652DE00F8B8AC /* MakersAssessmentOne */;
			targetProxy = BC1C71C81B0652DE00F8B8AC /* PBXContainerItemProxy */;
		};
/* End PBXTargetDependency section */

/* Begin PBXVariantGroup section */
		BC1C71BB1B0652DE00F8B8AC /* Main.storyboard */ = {
			isa = PBXVariantGroup;
			children = (
				BC1C71BC1B0652DE00F8B8AC /* Base */,
			);
			name = Main.storyboard;
			sourceTree = "<group>";
		};
		BC1C71C01B0652DE00F8B8AC /* LaunchScreen.xib */ = {
			isa = PBXVariantGroup;
			children = (
				BC1C71C11B0652DE00F8B8AC /* Base */,
			);
			name = LaunchScreen.xib;
			sourceTree = "<group>";
		};
/* End PBXVariantGroup section */

/* Begin XCBuildConfiguration section */
		BC1C71CF1B0652DE00F8B8AC /* Debug */ = {
			isa = XCBuildConfiguration;
			buildSettings = {
				ALWAYS_SEARCH_USER_PATHS = NO;
				CLANG_CXX_LANGUAGE_STANDARD = "gnu++0x";
				CLANG_CXX_LIBRARY = "libc++";
				CLANG_ENABLE_MODULES = YES;
				CLANG_ENABLE_OBJC_ARC = YES;
				CLANG_WARN_BOOL_CONVERSION = YES;
				CLANG_WARN_CONSTANT_CONVERSION = YES;
				CLANG_WARN_DIRECT_OBJC_ISA_USAGE = YES_ERROR;
				CLANG_WARN_EMPTY_BODY = YES;
				CLANG_WARN_ENUM_CONVERSION = YES;
				CLANG_WARN_INT_CONVERSION = YES;
				CLANG_WARN_OBJC_ROOT_CLASS = YES_ERROR;
				CLANG_WARN_UNREACHABLE_CODE = YES;
				CLANG_WARN__DUPLICATE_METHOD_MATCH = YES;
				"CODE_SIGN_IDENTITY[sdk=iphoneos*]" = "iPhone Developer";
				COPY_PHASE_STRIP = NO;
				DEBUG_INFORMATION_FORMAT = "dwarf-with-dsym";
				ENABLE_STRICT_OBJC_MSGSEND = YES;
				GCC_C_LANGUAGE_STANDARD = gnu99;
				GCC_DYNAMIC_NO_PIC = NO;
				GCC_NO_COMMON_BLOCKS = YES;
				GCC_OPTIMIZATION_LEVEL = 0;
				GCC_PREPROCESSOR_DEFINITIONS = (
					"DEBUG=1",
					"$(inherited)",
				);
				GCC_SYMBOLS_PRIVATE_EXTERN = NO;
				GCC_WARN_64_TO_32_BIT_CONVERSION = YES;
				GCC_WARN_ABOUT_RETURN_TYPE = YES_ERROR;
				GCC_WARN_UNDECLARED_SELECTOR = YES;
				GCC_WARN_UNINITIALIZED_AUTOS = YES_AGGRESSIVE;
				GCC_WARN_UNUSED_FUNCTION = YES;
				GCC_WARN_UNUSED_VARIABLE = YES;
				IPHONEOS_DEPLOYMENT_TARGET = 8.3;
				MTL_ENABLE_DEBUG_INFO = YES;
				ONLY_ACTIVE_ARCH = YES;
				SDKROOT = iphoneos;
			};
			name = Debug;
		};
		BC1C71D01B0652DE00F8B8AC /* Release */ = {
			isa = XCBuildConfiguration;
			buildSettings = {
				ALWAYS_SEARCH_USER_PATHS = NO;
				CLANG_CXX_LANGUAGE_STANDARD = "gnu++0x";
				CLANG_CXX_LIBRARY = "libc++";
				CLANG_ENABLE_MODULES = YES;
				CLANG_ENABLE_OBJC_ARC = YES;
				CLANG_WARN_BOOL_CONVERSION = YES;
				CLANG_WARN_CONSTANT_CONVERSION = YES;
				CLANG_WARN_DIRECT_OBJC_ISA_USAGE = YES_ERROR;
				CLANG_WARN_EMPTY_BODY = YES;
				CLANG_WARN_ENUM_CONVERSION = YES;
				CLANG_WARN_INT_CONVERSION = YES;
				CLANG_WARN_OBJC_ROOT_CLASS = YES_ERROR;
				CLANG_WARN_UNREACHABLE_CODE = YES;
				CLANG_WARN__DUPLICATE_METHOD_MATCH = YES;
				"CODE_SIGN_IDENTITY[sdk=iphoneos*]" = "iPhone Developer";
				COPY_PHASE_STRIP = NO;
				DEBUG_INFORMATION_FORMAT = "dwarf-with-dsym";
				ENABLE_NS_ASSERTIONS = NO;
				ENABLE_STRICT_OBJC_MSGSEND = YES;
				GCC_C_LANGUAGE_STANDARD = gnu99;
				GCC_NO_COMMON_BLOCKS = YES;
				GCC_WARN_64_TO_32_BIT_CONVERSION = YES;
				GCC_WARN_ABOUT_RETURN_TYPE = YES_ERROR;
				GCC_WARN_UNDECLARED_SELECTOR = YES;
				GCC_WARN_UNINITIALIZED_AUTOS = YES_AGGRESSIVE;
				GCC_WARN_UNUSED_FUNCTION = YES;
				GCC_WARN_UNUSED_VARIABLE = YES;
				IPHONEOS_DEPLOYMENT_TARGET = 8.3;
				MTL_ENABLE_DEBUG_INFO = NO;
				SDKROOT = iphoneos;
				VALIDATE_PRODUCT = YES;
			};
			name = Release;
		};
		BC1C71D21B0652DE00F8B8AC /* Debug */ = {
			isa = XCBuildConfiguration;
			buildSettings = {
				ASSETCATALOG_COMPILER_APPICON_NAME = AppIcon;
				INFOPLIST_FILE = MakersAssessmentOne/Info.plist;
				LD_RUNPATH_SEARCH_PATHS = "$(inherited) @executable_path/Frameworks";
				PRODUCT_NAME = "$(TARGET_NAME)";
			};
			name = Debug;
		};
		BC1C71D31B0652DE00F8B8AC /* Release */ = {
			isa = XCBuildConfiguration;
			buildSettings = {
				ASSETCATALOG_COMPILER_APPICON_NAME = AppIcon;
				INFOPLIST_FILE = MakersAssessmentOne/Info.plist;
				LD_RUNPATH_SEARCH_PATHS = "$(inherited) @executable_path/Frameworks";
				PRODUCT_NAME = "$(TARGET_NAME)";
			};
			name = Release;
		};
		BC1C71D51B0652DE00F8B8AC /* Debug */ = {
			isa = XCBuildConfiguration;
			buildSettings = {
				BUNDLE_LOADER = "$(TEST_HOST)";
				FRAMEWORK_SEARCH_PATHS = (
					"$(SDKROOT)/Developer/Library/Frameworks",
					"$(inherited)",
				);
				GCC_PREPROCESSOR_DEFINITIONS = (
					"DEBUG=1",
					"$(inherited)",
				);
				INFOPLIST_FILE = MakersAssessmentOneTests/Info.plist;
				LD_RUNPATH_SEARCH_PATHS = "$(inherited) @executable_path/Frameworks @loader_path/Frameworks";
				PRODUCT_NAME = "$(TARGET_NAME)";
				TEST_HOST = "$(BUILT_PRODUCTS_DIR)/MakersAssessmentOne.app/MakersAssessmentOne";
			};
			name = Debug;
		};
		BC1C71D61B0652DE00F8B8AC /* Release */ = {
			isa = XCBuildConfiguration;
			buildSettings = {
				BUNDLE_LOADER = "$(TEST_HOST)";
				FRAMEWORK_SEARCH_PATHS = (
					"$(SDKROOT)/Developer/Library/Frameworks",
					"$(inherited)",
				);
				INFOPLIST_FILE = MakersAssessmentOneTests/Info.plist;
				LD_RUNPATH_SEARCH_PATHS = "$(inherited) @executable_path/Frameworks @loader_path/Frameworks";
				PRODUCT_NAME = "$(TARGET_NAME)";
				TEST_HOST = "$(BUILT_PRODUCTS_DIR)/MakersAssessmentOne.app/MakersAssessmentOne";
			};
			name = Release;
		};
/* End XCBuildConfiguration section */

/* Begin XCConfigurationList section */
		BC1C71A91B0652DE00F8B8AC /* Build configuration list for PBXProject "MakersAssessmentOne" */ = {
			isa = XCConfigurationList;
			buildConfigurations = (
				BC1C71CF1B0652DE00F8B8AC /* Debug */,
				BC1C71D01B0652DE00F8B8AC /* Release */,
			);
			defaultConfigurationIsVisible = 0;
			defaultConfigurationName = Release;
		};
		BC1C71D11B0652DE00F8B8AC /* Build configuration list for PBXNativeTarget "MakersAssessmentOne" */ = {
			isa = XCConfigurationList;
			buildConfigurations = (
				BC1C71D21B0652DE00F8B8AC /* Debug */,
				BC1C71D31B0652DE00F8B8AC /* Release */,
			);
			defaultConfigurationIsVisible = 0;
		};
		BC1C71D41B0652DE00F8B8AC /* Build configuration list for PBXNativeTarget "MakersAssessmentOneTests" */ = {
			isa = XCConfigurationList;
			buildConfigurations = (
				BC1C71D51B0652DE00F8B8AC /* Debug */,
				BC1C71D61B0652DE00F8B8AC /* Release */,
			);
			defaultConfigurationIsVisible = 0;
		};
/* End XCConfigurationList section */
	};
	rootObject = BC1C71A61B0652DE00F8B8AC /* Project object */;
}
